
Microsoft Visual Studio Solution File, Format Version 12.00
# Visual Studio Version 17
VisualStudioVersion = 17.4.33403.182
MinimumVisualStudioVersion = 10.0.40219.1
Project("{FAE04EC0-301F-11D3-BF4B-00C04F79EFBC}") = "clase_13-ejercicio1", "clase_13-ejercicio1\clase_13-ejercicio1.csproj", "{34715AE6-3BE9-4BDF-9FAB-4DFD455CE5C5}"
EndProject
Global
	GlobalSection(SolutionConfigurationPlatforms) = preSolution
		Debug|Any CPU = Debug|Any CPU
		Release|Any CPU = Release|Any CPU
	EndGlobalSection
	GlobalSection(ProjectConfigurationPlatforms) = postSolution
		{34715AE6-3BE9-4BDF-9FAB-4DFD455CE5C5}.Debug|Any CPU.ActiveCfg = Debug|Any CPU
		{34715AE6-3BE9-4BDF-9FAB-4DFD455CE5C5}.Debug|Any CPU.Build.0 = Debug|Any CPU
		{34715AE6-3BE9-4BDF-9FAB-4DFD455CE5C5}.Release|Any CPU.ActiveCfg = Release|Any CPU
		{34715AE6-3BE9-4BDF-9FAB-4DFD455CE5C5}.Release|Any CPU.Build.0 = Release|Any CPU
	EndGlobalSection
	GlobalSection(SolutionProperties) = preSolution
		HideSolutionNode = FALSE
	EndGlobalSection
	GlobalSection(ExtensibilityGlobals) = postSolution
		SolutionGuid = {414FFC6E-EFF4-44C8-B512-D82F77BAEE0B}
	EndGlobalSection
EndGlobal
